
Microsoft Visual Studio Solution File, Format Version 12.00
# Visual Studio 15
VisualStudioVersion = 15.0.27130.2010
MinimumVisualStudioVersion = 10.0.40219.1
Project("{FAE04EC0-301F-11D3-BF4B-00C04F79EFBC}") = "AlgorithmsDemo", "AlgorithmsDemo\AlgorithmsDemo.csproj", "{D348FB92-AB2E-4611-A078-27D2C244EFD3}"
EndProject
Project("{FAE04EC0-301F-11D3-BF4B-00C04F79EFBC}") = "BinarySearch", "BinarySearch\BinarySearch.csproj", "{9704DA0F-C296-4261-9FF0-A3B26A0EDA2B}"
EndProject
Project("{FAE04EC0-301F-11D3-BF4B-00C04F79EFBC}") = "IntegralSchematicTest", "IntegralSchematicTest\IntegralSchematicTest.csproj", "{EFF84317-2FEE-4157-8081-5F76006F6192}"
EndProject
Project("{FAE04EC0-301F-11D3-BF4B-00C04F79EFBC}") = "ConsoleFiguresDemo", "ConsoleFiguresDemo\ConsoleFiguresDemo.csproj", "{C48824E4-9C65-405D-9A13-28495A47CB75}"
EndProject
Global
	GlobalSection(SolutionConfigurationPlatforms) = preSolution
		Debug|Any CPU = Debug|Any CPU
		Release|Any CPU = Release|Any CPU
	EndGlobalSection
	GlobalSection(ProjectConfigurationPlatforms) = postSolution
		{D348FB92-AB2E-4611-A078-27D2C244EFD3}.Debug|Any CPU.ActiveCfg = Debug|Any CPU
		{D348FB92-AB2E-4611-A078-27D2C244EFD3}.Debug|Any CPU.Build.0 = Debug|Any CPU
		{D348FB92-AB2E-4611-A078-27D2C244EFD3}.Release|Any CPU.ActiveCfg = Release|Any CPU
		{D348FB92-AB2E-4611-A078-27D2C244EFD3}.Release|Any CPU.Build.0 = Release|Any CPU
		{9704DA0F-C296-4261-9FF0-A3B26A0EDA2B}.Debug|Any CPU.ActiveCfg = Debug|Any CPU
		{9704DA0F-C296-4261-9FF0-A3B26A0EDA2B}.Debug|Any CPU.Build.0 = Debug|Any CPU
		{9704DA0F-C296-4261-9FF0-A3B26A0EDA2B}.Release|Any CPU.ActiveCfg = Release|Any CPU
		{9704DA0F-C296-4261-9FF0-A3B26A0EDA2B}.Release|Any CPU.Build.0 = Release|Any CPU
		{EFF84317-2FEE-4157-8081-5F76006F6192}.Debug|Any CPU.ActiveCfg = Debug|Any CPU
		{EFF84317-2FEE-4157-8081-5F76006F6192}.Debug|Any CPU.Build.0 = Debug|Any CPU
		{EFF84317-2FEE-4157-8081-5F76006F6192}.Release|Any CPU.ActiveCfg = Release|Any CPU
		{EFF84317-2FEE-4157-8081-5F76006F6192}.Release|Any CPU.Build.0 = Release|Any CPU
		{C48824E4-9C65-405D-9A13-28495A47CB75}.Debug|Any CPU.ActiveCfg = Debug|Any CPU
		{C48824E4-9C65-405D-9A13-28495A47CB75}.Debug|Any CPU.Build.0 = Debug|Any CPU
		{C48824E4-9C65-405D-9A13-28495A47CB75}.Release|Any CPU.ActiveCfg = Release|Any CPU
		{C48824E4-9C65-405D-9A13-28495A47CB75}.Release|Any CPU.Build.0 = Release|Any CPU
	EndGlobalSection
	GlobalSection(SolutionProperties) = preSolution
		HideSolutionNode = FALSE
	EndGlobalSection
	GlobalSection(ExtensibilityGlobals) = postSolution
		SolutionGuid = {319A86DA-D6B4-4012-874B-363E4B2A0A86}
	EndGlobalSection
EndGlobal
